// !$*UTF8*$!
{
	archiveVersion = 1;
	classes = {
	};
	objectVersion = 46;
	objects = {

/* Begin PBXBuildFile section */
		9AA3EA2313BFDA6B0057B4CC /* Cocoa.framework in Frameworks */ = {isa = PBXBuildFile; fileRef = 9AA3EA2213BFDA6B0057B4CC /* Cocoa.framework */; };
		9AA3EA2D13BFDA6B0057B4CC /* InfoPlist.strings in Resources */ = {isa = PBXBuildFile; fileRef = 9AA3EA2B13BFDA6B0057B4CC /* InfoPlist.strings */; };
		9AA3EA3C13BFDAA10057B4CC /* EGOTextMateFullScreen.m in Sources */ = {isa = PBXBuildFile; fileRef = 9AA3EA3B13BFDAA10057B4CC /* EGOTextMateFullScreen.m */; };
		9AA3EA4113BFE1630057B4CC /* OakProjectController_EGOTextMateFullScreen.m in Sources */ = {isa = PBXBuildFile; fileRef = 9AA3EA4013BFE1630057B4CC /* OakProjectController_EGOTextMateFullScreen.m */; };
		9AA3EA4413BFE1740057B4CC /* OakDocumentController_EGOTextMateFullScreen.m in Sources */ = {isa = PBXBuildFile; fileRef = 9AA3EA4313BFE1740057B4CC /* OakDocumentController_EGOTextMateFullScreen.m */; };
/* End PBXBuildFile section */

/* Begin PBXFileReference section */
		9AA3EA1F13BFDA6B0057B4CC /* EGOTextMateFullScreen.tmplugin */ = {isa = PBXFileReference; explicitFileType = wrapper.cfbundle; includeInIndex = 0; path = EGOTextMateFullScreen.tmplugin; sourceTree = BUILT_PRODUCTS_DIR; };
		9AA3EA2213BFDA6B0057B4CC /* Cocoa.framework */ = {isa = PBXFileReference; lastKnownFileType = wrapper.framework; name = Cocoa.framework; path = System/Library/Frameworks/Cocoa.framework; sourceTree = SDKROOT; };
		9AA3EA2513BFDA6B0057B4CC /* AppKit.framework */ = {isa = PBXFileReference; lastKnownFileType = wrapper.framework; name = AppKit.framework; path = System/Library/Frameworks/AppKit.framework; sourceTree = SDKROOT; };
		9AA3EA2613BFDA6B0057B4CC /* CoreData.framework */ = {isa = PBXFileReference; lastKnownFileType = wrapper.framework; name = CoreData.framework; path = System/Library/Frameworks/CoreData.framework; sourceTree = SDKROOT; };
		9AA3EA2713BFDA6B0057B4CC /* Foundation.framework */ = {isa = PBXFileReference; lastKnownFileType = wrapper.framework; name = Foundation.framework; path = System/Library/Frameworks/Foundation.framework; sourceTree = SDKROOT; };
		9AA3EA2A13BFDA6B0057B4CC /* EGOTextMateFullScreen-Info.plist */ = {isa = PBXFileReference; lastKnownFileType = text.plist.xml; path = "EGOTextMateFullScreen-Info.plist"; sourceTree = "<group>"; };
		9AA3EA2C13BFDA6B0057B4CC /* en */ = {isa = PBXFileReference; lastKnownFileType = text.plist.strings; name = en; path = en.lproj/InfoPlist.strings; sourceTree = "<group>"; };
		9AA3EA2E13BFDA6B0057B4CC /* EGOTextMateFullScreen-Prefix.pch */ = {isa = PBXFileReference; lastKnownFileType = sourcecode.c.h; path = "EGOTextMateFullScreen-Prefix.pch"; sourceTree = "<group>"; };
		9AA3EA3A13BFDAA10057B4CC /* EGOTextMateFullScreen.h */ = {isa = PBXFileReference; fileEncoding = 4; lastKnownFileType = sourcecode.c.h; path = EGOTextMateFullScreen.h; sourceTree = "<group>"; };
		9AA3EA3B13BFDAA10057B4CC /* EGOTextMateFullScreen.m */ = {isa = PBXFileReference; fileEncoding = 4; lastKnownFileType = sourcecode.c.objc; path = EGOTextMateFullScreen.m; sourceTree = "<group>"; };
		9AA3EA3F13BFE1630057B4CC /* OakProjectController_EGOTextMateFullScreen.h */ = {isa = PBXFileReference; fileEncoding = 4; lastKnownFileType = sourcecode.c.h; path = OakProjectController_EGOTextMateFullScreen.h; sourceTree = "<group>"; };
		9AA3EA4013BFE1630057B4CC /* OakProjectController_EGOTextMateFullScreen.m */ = {isa = PBXFileReference; fileEncoding = 4; lastKnownFileType = sourcecode.c.objc; path = OakProjectController_EGOTextMateFullScreen.m; sourceTree = "<group>"; };
		9AA3EA4213BFE1740057B4CC /* OakDocumentController_EGOTextMateFullScreen.h */ = {isa = PBXFileReference; fileEncoding = 4; lastKnownFileType = sourcecode.c.h; path = OakDocumentController_EGOTextMateFullScreen.h; sourceTree = "<group>"; };
		9AA3EA4313BFE1740057B4CC /* OakDocumentController_EGOTextMateFullScreen.m */ = {isa = PBXFileReference; fileEncoding = 4; lastKnownFileType = sourcecode.c.objc; path = OakDocumentController_EGOTextMateFullScreen.m; sourceTree = "<group>"; };
/* End PBXFileReference section */

/* Begin PBXFrameworksBuildPhase section */
		9AA3EA1C13BFDA6B0057B4CC /* Frameworks */ = {
			isa = PBXFrameworksBuildPhase;
			buildActionMask = 2147483647;
			files = (
				9AA3EA2313BFDA6B0057B4CC /* Cocoa.framework in Frameworks */,
			);
			runOnlyForDeploymentPostprocessing = 0;
		};
/* End PBXFrameworksBuildPhase section */

/* Begin PBXGroup section */
		9AA3EA1413BFDA6B0057B4CC = {
			isa = PBXGroup;
			children = (
				9AA3EA2813BFDA6B0057B4CC /* EGOTextMateFullScreen */,
				9AA3EA2113BFDA6B0057B4CC /* Frameworks */,
				9AA3EA2013BFDA6B0057B4CC /* Products */,
			);
			sourceTree = "<group>";
		};
		9AA3EA2013BFDA6B0057B4CC /* Products */ = {
			isa = PBXGroup;
			children = (
				9AA3EA1F13BFDA6B0057B4CC /* EGOTextMateFullScreen.tmplugin */,
			);
			name = Products;
			sourceTree = "<group>";
		};
		9AA3EA2113BFDA6B0057B4CC /* Frameworks */ = {
			isa = PBXGroup;
			children = (
				9AA3EA2213BFDA6B0057B4CC /* Cocoa.framework */,
				9AA3EA2413BFDA6B0057B4CC /* Other Frameworks */,
			);
			name = Frameworks;
			sourceTree = "<group>";
		};
		9AA3EA2413BFDA6B0057B4CC /* Other Frameworks */ = {
			isa = PBXGroup;
			children = (
				9AA3EA2513BFDA6B0057B4CC /* AppKit.framework */,
				9AA3EA2613BFDA6B0057B4CC /* CoreData.framework */,
				9AA3EA2713BFDA6B0057B4CC /* Foundation.framework */,
			);
			name = "Other Frameworks";
			sourceTree = "<group>";
		};
		9AA3EA2813BFDA6B0057B4CC /* EGOTextMateFullScreen */ = {
			isa = PBXGroup;
			children = (
				9AA3EA3E13BFE1480057B4CC /* Full Screen Classes */,
				9AA3EA2913BFDA6B0057B4CC /* Supporting Files */,
			);
			path = EGOTextMateFullScreen;
			sourceTree = "<group>";
		};
		9AA3EA2913BFDA6B0057B4CC /* Supporting Files */ = {
			isa = PBXGroup;
			children = (
				9AA3EA2A13BFDA6B0057B4CC /* EGOTextMateFullScreen-Info.plist */,
				9AA3EA2B13BFDA6B0057B4CC /* InfoPlist.strings */,
				9AA3EA2E13BFDA6B0057B4CC /* EGOTextMateFullScreen-Prefix.pch */,
			);
			name = "Supporting Files";
			sourceTree = "<group>";
		};
		9AA3EA3E13BFE1480057B4CC /* Full Screen Classes */ = {
			isa = PBXGroup;
			children = (
				9AA3EA3A13BFDAA10057B4CC /* EGOTextMateFullScreen.h */,
				9AA3EA3B13BFDAA10057B4CC /* EGOTextMateFullScreen.m */,
				9AA3EA3F13BFE1630057B4CC /* OakProjectController_EGOTextMateFullScreen.h */,
				9AA3EA4013BFE1630057B4CC /* OakProjectController_EGOTextMateFullScreen.m */,
				9AA3EA4213BFE1740057B4CC /* OakDocumentController_EGOTextMateFullScreen.h */,
				9AA3EA4313BFE1740057B4CC /* OakDocumentController_EGOTextMateFullScreen.m */,
			);
			name = "Full Screen Classes";
			sourceTree = "<group>";
		};
/* End PBXGroup section */

/* Begin PBXNativeTarget section */
		9AA3EA1E13BFDA6B0057B4CC /* EGOTextMateFullScreen */ = {
			isa = PBXNativeTarget;
			buildConfigurationList = 9AA3EA3113BFDA6C0057B4CC /* Build configuration list for PBXNativeTarget "EGOTextMateFullScreen" */;
			buildPhases = (
				9AA3EA1B13BFDA6B0057B4CC /* Sources */,
				9AA3EA1C13BFDA6B0057B4CC /* Frameworks */,
				9AA3EA1D13BFDA6B0057B4CC /* Resources */,
			);
			buildRules = (
			);
			dependencies = (
			);
			name = EGOTextMateFullScreen;
			productName = EGOTextMateFullScreen;
			productReference = 9AA3EA1F13BFDA6B0057B4CC /* EGOTextMateFullScreen.tmplugin */;
			productType = "com.apple.product-type.bundle";
		};
/* End PBXNativeTarget section */

/* Begin PBXProject section */
		9AA3EA1613BFDA6B0057B4CC /* Project object */ = {
			isa = PBXProject;
			attributes = {
				ORGANIZATIONNAME = enormego;
			};
			buildConfigurationList = 9AA3EA1913BFDA6B0057B4CC /* Build configuration list for PBXProject "EGOTextMateFullScreen" */;
			compatibilityVersion = "Xcode 3.2";
			developmentRegion = English;
			hasScannedForEncodings = 0;
			knownRegions = (
				en,
			);
			mainGroup = 9AA3EA1413BFDA6B0057B4CC;
			productRefGroup = 9AA3EA2013BFDA6B0057B4CC /* Products */;
			projectDirPath = "";
			projectRoot = "";
			targets = (
				9AA3EA1E13BFDA6B0057B4CC /* EGOTextMateFullScreen */,
			);
		};
/* End PBXProject section */

/* Begin PBXResourcesBuildPhase section */
		9AA3EA1D13BFDA6B0057B4CC /* Resources */ = {
			isa = PBXResourcesBuildPhase;
			buildActionMask = 2147483647;
			files = (
				9AA3EA2D13BFDA6B0057B4CC /* InfoPlist.strings in Resources */,
			);
			runOnlyForDeploymentPostprocessing = 0;
		};
/* End PBXResourcesBuildPhase section */

/* Begin PBXSourcesBuildPhase section */
		9AA3EA1B13BFDA6B0057B4CC /* Sources */ = {
			isa = PBXSourcesBuildPhase;
			buildActionMask = 2147483647;
			files = (
				9AA3EA3C13BFDAA10057B4CC /* EGOTextMateFullScreen.m in Sources */,
				9AA3EA4113BFE1630057B4CC /* OakProjectController_EGOTextMateFullScreen.m in Sources */,
				9AA3EA4413BFE1740057B4CC /* OakDocumentController_EGOTextMateFullScreen.m in Sources */,
			);
			runOnlyForDeploymentPostprocessing = 0;
		};
/* End PBXSourcesBuildPhase section */

/* Begin PBXVariantGroup section */
		9AA3EA2B13BFDA6B0057B4CC /* InfoPlist.strings */ = {
			isa = PBXVariantGroup;
			children = (
				9AA3EA2C13BFDA6B0057B4CC /* en */,
			);
			name = InfoPlist.strings;
			sourceTree = "<group>";
		};
/* End PBXVariantGroup section */

/* Begin XCBuildConfiguration section */
		9AA3EA2F13BFDA6C0057B4CC /* Debug */ = {
			isa = XCBuildConfiguration;
			buildSettings = {
				ALWAYS_SEARCH_USER_PATHS = NO;
				ARCHS = "$(ARCHS_STANDARD_32_64_BIT)";
				CLANG_ENABLE_OBJC_ARC = NO;
				COPY_PHASE_STRIP = NO;
				GCC_C_LANGUAGE_STANDARD = gnu99;
				GCC_DYNAMIC_NO_PIC = NO;
				GCC_ENABLE_OBJC_EXCEPTIONS = YES;
				GCC_OPTIMIZATION_LEVEL = 0;
				GCC_PREPROCESSOR_DEFINITIONS = (
					"DEBUG=1",
					"$(inherited)",
				);
				GCC_SYMBOLS_PRIVATE_EXTERN = NO;
				GCC_VERSION = com.apple.compilers.llvm.clang.1_0;
				GCC_WARN_64_TO_32_BIT_CONVERSION = YES;
				GCC_WARN_ABOUT_MISSING_PROTOTYPES = YES;
				GCC_WARN_ABOUT_RETURN_TYPE = YES;
				GCC_WARN_UNUSED_VARIABLE = YES;
				MACOSX_DEPLOYMENT_TARGET = 10.7;
				ONLY_ACTIVE_ARCH = YES;
				SDKROOT = macosx;
			};
			name = Debug;
		};
		9AA3EA3013BFDA6C0057B4CC /* Release */ = {
			isa = XCBuildConfiguration;
			buildSettings = {
				ALWAYS_SEARCH_USER_PATHS = NO;
				ARCHS = "$(ARCHS_STANDARD_32_64_BIT)";
				CLANG_ENABLE_OBJC_ARC = NO;
				COPY_PHASE_STRIP = YES;
				DEBUG_INFORMATION_FORMAT = "dwarf-with-dsym";
				GCC_C_LANGUAGE_STANDARD = gnu99;
				GCC_ENABLE_OBJC_EXCEPTIONS = YES;
				GCC_VERSION = com.apple.compilers.llvm.clang.1_0;
				GCC_WARN_64_TO_32_BIT_CONVERSION = YES;
				GCC_WARN_ABOUT_MISSING_PROTOTYPES = YES;
				GCC_WARN_ABOUT_RETURN_TYPE = YES;
				GCC_WARN_UNUSED_VARIABLE = YES;
				MACOSX_DEPLOYMENT_TARGET = 10.7;
				SDKROOT = macosx;
			};
			name = Release;
		};
		9AA3EA3213BFDA6C0057B4CC /* Debug */ = {
			isa = XCBuildConfiguration;
			buildSettings = {
				GCC_PRECOMPILE_PREFIX_HEADER = YES;
				GCC_PREFIX_HEADER = "EGOTextMateFullScreen/EGOTextMateFullScreen-Prefix.pch";
				INFOPLIST_FILE = "EGOTextMateFullScreen/EGOTextMateFullScreen-Info.plist";
				INSTALL_PATH = "$(LOCAL_LIBRARY_DIR)/Bundles";
				PRODUCT_NAME = "$(TARGET_NAME)";
				WRAPPER_EXTENSION = tmplugin;
			};
			name = Debug;
		};
		9AA3EA3313BFDA6C0057B4CC /* Release */ = {
			isa = XCBuildConfiguration;
			buildSettings = {
				GCC_PRECOMPILE_PREFIX_HEADER = YES;
				GCC_PREFIX_HEADER = "EGOTextMateFullScreen/EGOTextMateFullScreen-Prefix.pch";
				INFOPLIST_FILE = "EGOTextMateFullScreen/EGOTextMateFullScreen-Info.plist";
				INSTALL_PATH = "$(LOCAL_LIBRARY_DIR)/Bundles";
				PRODUCT_NAME = "$(TARGET_NAME)";
				WRAPPER_EXTENSION = tmplugin;
			};
			name = Release;
		};
/* End XCBuildConfiguration section */

/* Begin XCConfigurationList section */
		9AA3EA1913BFDA6B0057B4CC /* Build configuration list for PBXProject "EGOTextMateFullScreen" */ = {
			isa = XCConfigurationList;
			buildConfigurations = (
				9AA3EA2F13BFDA6C0057B4CC /* Debug */,
				9AA3EA3013BFDA6C0057B4CC /* Release */,
			);
			defaultConfigurationIsVisible = 0;
			defaultConfigurationName = Release;
		};
		9AA3EA3113BFDA6C0057B4CC /* Build configuration list for PBXNativeTarget "EGOTextMateFullScreen" */ = {
			isa = XCConfigurationList;
			buildConfigurations = (
				9AA3EA3213BFDA6C0057B4CC /* Debug */,
				9AA3EA3313BFDA6C0057B4CC /* Release */,
			);
			defaultConfigurationIsVisible = 0;
			defaultConfigurationName = Release;
		};
/* End XCConfigurationList section */
	};
	rootObject = 9AA3EA1613BFDA6B0057B4CC /* Project object */;
}
